// !$*UTF8*$!
{
	archiveVersion = 1;
	classes = {
	};
	objectVersion = 46;
	objects = {

/* Begin PBXBuildFile section */
		F56068CC1BE7B45C004F3D41 /* questions.plist in Resources */ = {isa = PBXBuildFile; fileRef = F56068CB1BE7B45C004F3D41 /* questions.plist */; };
		F56068D21BE7B4F0004F3D41 /* DDQuestion.m in Sources */ = {isa = PBXBuildFile; fileRef = F56068D11BE7B4F0004F3D41 /* DDQuestion.m */; };
		F56176641BE5CC1100C9E738 /* main.m in Sources */ = {isa = PBXBuildFile; fileRef = F56176631BE5CC1100C9E738 /* main.m */; };
		F56176671BE5CC1100C9E738 /* AppDelegate.m in Sources */ = {isa = PBXBuildFile; fileRef = F56176661BE5CC1100C9E738 /* AppDelegate.m */; };
		F561766A1BE5CC1100C9E738 /* ViewController.m in Sources */ = {isa = PBXBuildFile; fileRef = F56176691BE5CC1100C9E738 /* ViewController.m */; };
		F561766D1BE5CC1100C9E738 /* Main.storyboard in Resources */ = {isa = PBXBuildFile; fileRef = F561766B1BE5CC1100C9E738 /* Main.storyboard */; };
		F561766F1BE5CC1100C9E738 /* Assets.xcassets in Resources */ = {isa = PBXBuildFile; fileRef = F561766E1BE5CC1100C9E738 /* Assets.xcassets */; };
		F56176721BE5CC1100C9E738 /* LaunchScreen.storyboard in Resources */ = {isa = PBXBuildFile; fileRef = F56176701BE5CC1100C9E738 /* LaunchScreen.storyboard */; };
		F561767D1BE5CC1100C9E738 /* _2_super_guess_imageTests.m in Sources */ = {isa = PBXBuildFile; fileRef = F561767C1BE5CC1100C9E738 /* _2_super_guess_imageTests.m */; };
		F56176881BE5CC1100C9E738 /* _2_super_guess_imageUITests.m in Sources */ = {isa = PBXBuildFile; fileRef = F56176871BE5CC1100C9E738 /* _2_super_guess_imageUITests.m */; };
/* End PBXBuildFile section */

/* Begin PBXContainerItemProxy section */
		F56176791BE5CC1100C9E738 /* PBXContainerItemProxy */ = {
			isa = PBXContainerItemProxy;
			containerPortal = F56176571BE5CC1100C9E738 /* Project object */;
			proxyType = 1;
			remoteGlobalIDString = F561765E1BE5CC1100C9E738;
			remoteInfo = "12-super-guess-image";
		};
		F56176841BE5CC1100C9E738 /* PBXContainerItemProxy */ = {
			isa = PBXContainerItemProxy;
			containerPortal = F56176571BE5CC1100C9E738 /* Project object */;
			proxyType = 1;
			remoteGlobalIDString = F561765E1BE5CC1100C9E738;
			remoteInfo = "12-super-guess-image";
		};
/* End PBXContainerItemProxy section */

/* Begin PBXFileReference section */
		F56068CB1BE7B45C004F3D41 /* questions.plist */ = {isa = PBXFileReference; fileEncoding = 4; lastKnownFileType = text.plist.xml; path = questions.plist; sourceTree = "<group>"; };
		F56068D01BE7B4F0004F3D41 /* DDQuestion.h */ = {isa = PBXFileReference; fileEncoding = 4; lastKnownFileType = sourcecode.c.h; path = DDQuestion.h; sourceTree = "<group>"; };
		F56068D11BE7B4F0004F3D41 /* DDQuestion.m */ = {isa = PBXFileReference; fileEncoding = 4; lastKnownFileType = sourcecode.c.objc; path = DDQuestion.m; sourceTree = "<group>"; };
		F561765F1BE5CC1100C9E738 /* 12-super-guess-image.app */ = {isa = PBXFileReference; explicitFileType = wrapper.application; includeInIndex = 0; path = "12-super-guess-image.app"; sourceTree = BUILT_PRODUCTS_DIR; };
		F56176631BE5CC1100C9E738 /* main.m */ = {isa = PBXFileReference; lastKnownFileType = sourcecode.c.objc; path = main.m; sourceTree = "<group>"; };
		F56176651BE5CC1100C9E738 /* AppDelegate.h */ = {isa = PBXFileReference; lastKnownFileType = sourcecode.c.h; path = AppDelegate.h; sourceTree = "<group>"; };
		F56176661BE5CC1100C9E738 /* AppDelegate.m */ = {isa = PBXFileReference; lastKnownFileType = sourcecode.c.objc; path = AppDelegate.m; sourceTree = "<group>"; };
		F56176681BE5CC1100C9E738 /* ViewController.h */ = {isa = PBXFileReference; lastKnownFileType = sourcecode.c.h; path = ViewController.h; sourceTree = "<group>"; };
		F56176691BE5CC1100C9E738 /* ViewController.m */ = {isa = PBXFileReference; lastKnownFileType = sourcecode.c.objc; path = ViewController.m; sourceTree = "<group>"; };
		F561766C1BE5CC1100C9E738 /* Base */ = {isa = PBXFileReference; lastKnownFileType = file.storyboard; name = Base; path = Base.lproj/Main.storyboard; sourceTree = "<group>"; };
		F561766E1BE5CC1100C9E738 /* Assets.xcassets */ = {isa = PBXFileReference; lastKnownFileType = folder.assetcatalog; path = Assets.xcassets; sourceTree = "<group>"; };
		F56176711BE5CC1100C9E738 /* Base */ = {isa = PBXFileReference; lastKnownFileType = file.storyboard; name = Base; path = Base.lproj/LaunchScreen.storyboard; sourceTree = "<group>"; };
		F56176731BE5CC1100C9E738 /* Info.plist */ = {isa = PBXFileReference; lastKnownFileType = text.plist.xml; path = Info.plist; sourceTree = "<group>"; };
		F56176781BE5CC1100C9E738 /* 12-super-guess-imageTests.xctest */ = {isa = PBXFileReference; explicitFileType = wrapper.cfbundle; includeInIndex = 0; path = "12-super-guess-imageTests.xctest"; sourceTree = BUILT_PRODUCTS_DIR; };
		F561767C1BE5CC1100C9E738 /* _2_super_guess_imageTests.m */ = {isa = PBXFileReference; lastKnownFileType = sourcecode.c.objc; path = _2_super_guess_imageTests.m; sourceTree = "<group>"; };
		F561767E1BE5CC1100C9E738 /* Info.plist */ = {isa = PBXFileReference; lastKnownFileType = text.plist.xml; path = Info.plist; sourceTree = "<group>"; };
		F56176831BE5CC1100C9E738 /* 12-super-guess-imageUITests.xctest */ = {isa = PBXFileReference; explicitFileType = wrapper.cfbundle; includeInIndex = 0; path = "12-super-guess-imageUITests.xctest"; sourceTree = BUILT_PRODUCTS_DIR; };
		F56176871BE5CC1100C9E738 /* _2_super_guess_imageUITests.m */ = {isa = PBXFileReference; lastKnownFileType = sourcecode.c.objc; path = _2_super_guess_imageUITests.m; sourceTree = "<group>"; };
		F56176891BE5CC1100C9E738 /* Info.plist */ = {isa = PBXFileReference; lastKnownFileType = text.plist.xml; path = Info.plist; sourceTree = "<group>"; };
/* End PBXFileReference section */

/* Begin PBXFrameworksBuildPhase section */
		F561765C1BE5CC1100C9E738 /* Frameworks */ = {
			isa = PBXFrameworksBuildPhase;
			buildActionMask = 2147483647;
			files = (
			);
			runOnlyForDeploymentPostprocessing = 0;
		};
		F56176751BE5CC1100C9E738 /* Frameworks */ = {
			isa = PBXFrameworksBuildPhase;
			buildActionMask = 2147483647;
			files = (
			);
			runOnlyForDeploymentPostprocessing = 0;
		};
		F56176801BE5CC1100C9E738 /* Frameworks */ = {
			isa = PBXFrameworksBuildPhase;
			buildActionMask = 2147483647;
			files = (
			);
			runOnlyForDeploymentPostprocessing = 0;
		};
/* End PBXFrameworksBuildPhase section */

/* Begin PBXGroup section */
		F56176561BE5CC1100C9E738 = {
			isa = PBXGroup;
			children = (
				F56176611BE5CC1100C9E738 /* 12-super-guess-image */,
				F561767B1BE5CC1100C9E738 /* 12-super-guess-imageTests */,
				F56176861BE5CC1100C9E738 /* 12-super-guess-imageUITests */,
				F56176601BE5CC1100C9E738 /* Products */,
			);
			sourceTree = "<group>";
		};
		F56176601BE5CC1100C9E738 /* Products */ = {
			isa = PBXGroup;
			children = (
				F561765F1BE5CC1100C9E738 /* 12-super-guess-image.app */,
				F56176781BE5CC1100C9E738 /* 12-super-guess-imageTests.xctest */,
				F56176831BE5CC1100C9E738 /* 12-super-guess-imageUITests.xctest */,
			);
			name = Products;
			sourceTree = "<group>";
		};
		F56176611BE5CC1100C9E738 /* 12-super-guess-image */ = {
			isa = PBXGroup;
			children = (
				F56068D01BE7B4F0004F3D41 /* DDQuestion.h */,
				F56068D11BE7B4F0004F3D41 /* DDQuestion.m */,
				F56176651BE5CC1100C9E738 /* AppDelegate.h */,
				F56176661BE5CC1100C9E738 /* AppDelegate.m */,
				F56176681BE5CC1100C9E738 /* ViewController.h */,
				F56176691BE5CC1100C9E738 /* ViewController.m */,
				F561766B1BE5CC1100C9E738 /* Main.storyboard */,
				F561766E1BE5CC1100C9E738 /* Assets.xcassets */,
				F56176701BE5CC1100C9E738 /* LaunchScreen.storyboard */,
				F56176731BE5CC1100C9E738 /* Info.plist */,
				F56176621BE5CC1100C9E738 /* Supporting Files */,
			);
			path = "12-super-guess-image";
			sourceTree = "<group>";
		};
		F56176621BE5CC1100C9E738 /* Supporting Files */ = {
			isa = PBXGroup;
			children = (
				F56068CB1BE7B45C004F3D41 /* questions.plist */,
				F56176631BE5CC1100C9E738 /* main.m */,
			);
			name = "Supporting Files";
			sourceTree = "<group>";
		};
		F561767B1BE5CC1100C9E738 /* 12-super-guess-imageTests */ = {
			isa = PBXGroup;
			children = (
				F561767C1BE5CC1100C9E738 /* _2_super_guess_imageTests.m */,
				F561767E1BE5CC1100C9E738 /* Info.plist */,
			);
			path = "12-super-guess-imageTests";
			sourceTree = "<group>";
		};
		F56176861BE5CC1100C9E738 /* 12-super-guess-imageUITests */ = {
			isa = PBXGroup;
			children = (
				F56176871BE5CC1100C9E738 /* _2_super_guess_imageUITests.m */,
				F56176891BE5CC1100C9E738 /* Info.plist */,
			);
			path = "12-super-guess-imageUITests";
			sourceTree = "<group>";
		};
/* End PBXGroup section */

/* Begin PBXNativeTarget section */
		F561765E1BE5CC1100C9E738 /* 12-super-guess-image */ = {
			isa = PBXNativeTarget;
			buildConfigurationList = F561768C1BE5CC1100C9E738 /* Build configuration list for PBXNativeTarget "12-super-guess-image" */;
			buildPhases = (
				F561765B1BE5CC1100C9E738 /* Sources */,
				F561765C1BE5CC1100C9E738 /* Frameworks */,
				F561765D1BE5CC1100C9E738 /* Resources */,
			);
			buildRules = (
			);
			dependencies = (
			);
			name = "12-super-guess-image";
			productName = "12-super-guess-image";
			productReference = F561765F1BE5CC1100C9E738 /* 12-super-guess-image.app */;
			productType = "com.apple.product-type.application";
		};
		F56176771BE5CC1100C9E738 /* 12-super-guess-imageTests */ = {
			isa = PBXNativeTarget;
			buildConfigurationList = F561768F1BE5CC1100C9E738 /* Build configuration list for PBXNativeTarget "12-super-guess-imageTests" */;
			buildPhases = (
				F56176741BE5CC1100C9E738 /* Sources */,
				F56176751BE5CC1100C9E738 /* Frameworks */,
				F56176761BE5CC1100C9E738 /* Resources */,
			);
			buildRules = (
			);
			dependencies = (
				F561767A1BE5CC1100C9E738 /* PBXTargetDependency */,
			);
			name = "12-super-guess-imageTests";
			productName = "12-super-guess-imageTests";
			productReference = F56176781BE5CC1100C9E738 /* 12-super-guess-imageTests.xctest */;
			productType = "com.apple.product-type.bundle.unit-test";
		};
		F56176821BE5CC1100C9E738 /* 12-super-guess-imageUITests */ = {
			isa = PBXNativeTarget;
			buildConfigurationList = F56176921BE5CC1100C9E738 /* Build configuration list for PBXNativeTarget "12-super-guess-imageUITests" */;
			buildPhases = (
				F561767F1BE5CC1100C9E738 /* Sources */,
				F56176801BE5CC1100C9E738 /* Frameworks */,
				F56176811BE5CC1100C9E738 /* Resources */,
			);
			buildRules = (
			);
			dependencies = (
				F56176851BE5CC1100C9E738 /* PBXTargetDependency */,
			);
			name = "12-super-guess-imageUITests";
			productName = "12-super-guess-imageUITests";
			productReference = F56176831BE5CC1100C9E738 /* 12-super-guess-imageUITests.xctest */;
			productType = "com.apple.product-type.bundle.ui-testing";
		};
/* End PBXNativeTarget section */

/* Begin PBXProject section */
		F56176571BE5CC1100C9E738 /* Project object */ = {
			isa = PBXProject;
			attributes = {
				LastUpgradeCheck = 0710;
				ORGANIZATIONNAME = private;
				TargetAttributes = {
					F561765E1BE5CC1100C9E738 = {
						CreatedOnToolsVersion = 7.1;
						DevelopmentTeam = UP8389U8H4;
					};
					F56176771BE5CC1100C9E738 = {
						CreatedOnToolsVersion = 7.1;
						DevelopmentTeam = UP8389U8H4;
						TestTargetID = F561765E1BE5CC1100C9E738;
					};
					F56176821BE5CC1100C9E738 = {
						CreatedOnToolsVersion = 7.1;
						DevelopmentTeam = UP8389U8H4;
						TestTargetID = F561765E1BE5CC1100C9E738;
					};
				};
			};
			buildConfigurationList = F561765A1BE5CC1100C9E738 /* Build configuration list for PBXProject "12-super-guess-image" */;
			compatibilityVersion = "Xcode 3.2";
			developmentRegion = English;
			hasScannedForEncodings = 0;
			knownRegions = (
				en,
				Base,
			);
			mainGroup = F56176561BE5CC1100C9E738;
			productRefGroup = F56176601BE5CC1100C9E738 /* Products */;
			projectDirPath = "";
			projectRoot = "";
			targets = (
				F561765E1BE5CC1100C9E738 /* 12-super-guess-image */,
				F56176771BE5CC1100C9E738 /* 12-super-guess-imageTests */,
				F56176821BE5CC1100C9E738 /* 12-super-guess-imageUITests */,
			);
		};
/* End PBXProject section */

/* Begin PBXResourcesBuildPhase section */
		F561765D1BE5CC1100C9E738 /* Resources */ = {
			isa = PBXResourcesBuildPhase;
			buildActionMask = 2147483647;
			files = (
				F56068CC1BE7B45C004F3D41 /* questions.plist in Resources */,
				F56176721BE5CC1100C9E738 /* LaunchScreen.storyboard in Resources */,
				F561766F1BE5CC1100C9E738 /* Assets.xcassets in Resources */,
				F561766D1BE5CC1100C9E738 /* Main.storyboard in Resources */,
			);
			runOnlyForDeploymentPostprocessing = 0;
		};
		F56176761BE5CC1100C9E738 /* Resources */ = {
			isa = PBXResourcesBuildPhase;
			buildActionMask = 2147483647;
			files = (
			);
			runOnlyForDeploymentPostprocessing = 0;
		};
		F56176811BE5CC1100C9E738 /* Resources */ = {
			isa = PBXResourcesBuildPhase;
			buildActionMask = 2147483647;
			files = (
			);
			runOnlyForDeploymentPostprocessing = 0;
		};
/* End PBXResourcesBuildPhase section */

/* Begin PBXSourcesBuildPhase section */
		F561765B1BE5CC1100C9E738 /* Sources */ = {
			isa = PBXSourcesBuildPhase;
			buildActionMask = 2147483647;
			files = (
				F561766A1BE5CC1100C9E738 /* ViewController.m in Sources */,
				F56176671BE5CC1100C9E738 /* AppDelegate.m in Sources */,
				F56176641BE5CC1100C9E738 /* main.m in Sources */,
				F56068D21BE7B4F0004F3D41 /* DDQuestion.m in Sources */,
			);
			runOnlyForDeploymentPostprocessing = 0;
		};
		F56176741BE5CC1100C9E738 /* Sources */ = {
			isa = PBXSourcesBuildPhase;
			buildActionMask = 2147483647;
			files = (
				F561767D1BE5CC1100C9E738 /* _2_super_guess_imageTests.m in Sources */,
			);
			runOnlyForDeploymentPostprocessing = 0;
		};
		F561767F1BE5CC1100C9E738 /* Sources */ = {
			isa = PBXSourcesBuildPhase;
			buildActionMask = 2147483647;
			files = (
				F56176881BE5CC1100C9E738 /* _2_super_guess_imageUITests.m in Sources */,
			);
			runOnlyForDeploymentPostprocessing = 0;
		};
/* End PBXSourcesBuildPhase section */

/* Begin PBXTargetDependency section */
		F561767A1BE5CC1100C9E738 /* PBXTargetDependency */ = {
			isa = PBXTargetDependency;
			target = F561765E1BE5CC1100C9E738 /* 12-super-guess-image */;
			targetProxy = F56176791BE5CC1100C9E738 /* PBXContainerItemProxy */;
		};
		F56176851BE5CC1100C9E738 /* PBXTargetDependency */ = {
			isa = PBXTargetDependency;
			target = F561765E1BE5CC1100C9E738 /* 12-super-guess-image */;
			targetProxy = F56176841BE5CC1100C9E738 /* PBXContainerItemProxy */;
		};
/* End PBXTargetDependency section */

/* Begin PBXVariantGroup section */
		F561766B1BE5CC1100C9E738 /* Main.storyboard */ = {
			isa = PBXVariantGroup;
			children = (
				F561766C1BE5CC1100C9E738 /* Base */,
			);
			name = Main.storyboard;
			sourceTree = "<group>";
		};
		F56176701BE5CC1100C9E738 /* LaunchScreen.storyboard */ = {
			isa = PBXVariantGroup;
			children = (
				F56176711BE5CC1100C9E738 /* Base */,
			);
			name = LaunchScreen.storyboard;
			sourceTree = "<group>";
		};
/* End PBXVariantGroup section */

/* Begin XCBuildConfiguration section */
		F561768A1BE5CC1100C9E738 /* Debug */ = {
			isa = XCBuildConfiguration;
			buildSettings = {
				ALWAYS_SEARCH_USER_PATHS = NO;
				CLANG_CXX_LANGUAGE_STANDARD = "gnu++0x";
				CLANG_CXX_LIBRARY = "libc++";
				CLANG_ENABLE_MODULES = YES;
				CLANG_ENABLE_OBJC_ARC = YES;
				CLANG_WARN_BOOL_CONVERSION = YES;
				CLANG_WARN_CONSTANT_CONVERSION = YES;
				CLANG_WARN_DIRECT_OBJC_ISA_USAGE = YES_ERROR;
				CLANG_WARN_EMPTY_BODY = YES;
				CLANG_WARN_ENUM_CONVERSION = YES;
				CLANG_WARN_INT_CONVERSION = YES;
				CLANG_WARN_OBJC_ROOT_CLASS = YES_ERROR;
				CLANG_WARN_UNREACHABLE_CODE = YES;
				CLANG_WARN__DUPLICATE_METHOD_MATCH = YES;
				"CODE_SIGN_IDENTITY[sdk=iphoneos*]" = "iPhone Developer";
				COPY_PHASE_STRIP = NO;
				DEBUG_INFORMATION_FORMAT = dwarf;
				ENABLE_STRICT_OBJC_MSGSEND = YES;
				ENABLE_TESTABILITY = YES;
				GCC_C_LANGUAGE_STANDARD = gnu99;
				GCC_DYNAMIC_NO_PIC = NO;
				GCC_NO_COMMON_BLOCKS = YES;
				GCC_OPTIMIZATION_LEVEL = 0;
				GCC_PREPROCESSOR_DEFINITIONS = (
					"DEBUG=1",
					"$(inherited)",
				);
				GCC_WARN_64_TO_32_BIT_CONVERSION = YES;
				GCC_WARN_ABOUT_RETURN_TYPE = YES_ERROR;
				GCC_WARN_UNDECLARED_SELECTOR = YES;
				GCC_WARN_UNINITIALIZED_AUTOS = YES_AGGRESSIVE;
				GCC_WARN_UNUSED_FUNCTION = YES;
				GCC_WARN_UNUSED_VARIABLE = YES;
				IPHONEOS_DEPLOYMENT_TARGET = 9.1;
				MTL_ENABLE_DEBUG_INFO = YES;
				ONLY_ACTIVE_ARCH = YES;
				SDKROOT = iphoneos;
			};
			name = Debug;
		};
		F561768B1BE5CC1100C9E738 /* Release */ = {
			isa = XCBuildConfiguration;
			buildSettings = {
				ALWAYS_SEARCH_USER_PATHS = NO;
				CLANG_CXX_LANGUAGE_STANDARD = "gnu++0x";
				CLANG_CXX_LIBRARY = "libc++";
				CLANG_ENABLE_MODULES = YES;
				CLANG_ENABLE_OBJC_ARC = YES;
				CLANG_WARN_BOOL_CONVERSION = YES;
				CLANG_WARN_CONSTANT_CONVERSION = YES;
				CLANG_WARN_DIRECT_OBJC_ISA_USAGE = YES_ERROR;
				CLANG_WARN_EMPTY_BODY = YES;
				CLANG_WARN_ENUM_CONVERSION = YES;
				CLANG_WARN_INT_CONVERSION = YES;
				CLANG_WARN_OBJC_ROOT_CLASS = YES_ERROR;
				CLANG_WARN_UNREACHABLE_CODE = YES;
				CLANG_WARN__DUPLICATE_METHOD_MATCH = YES;
				"CODE_SIGN_IDENTITY[sdk=iphoneos*]" = "iPhone Developer";
				COPY_PHASE_STRIP = NO;
				DEBUG_INFORMATION_FORMAT = "dwarf-with-dsym";
				ENABLE_NS_ASSERTIONS = NO;
				ENABLE_STRICT_OBJC_MSGSEND = YES;
				GCC_C_LANGUAGE_STANDARD = gnu99;
				GCC_NO_COMMON_BLOCKS = YES;
				GCC_WARN_64_TO_32_BIT_CONVERSION = YES;
				GCC_WARN_ABOUT_RETURN_TYPE = YES_ERROR;
				GCC_WARN_UNDECLARED_SELECTOR = YES;
				GCC_WARN_UNINITIALIZED_AUTOS = YES_AGGRESSIVE;
				GCC_WARN_UNUSED_FUNCTION = YES;
				GCC_WARN_UNUSED_VARIABLE = YES;
				IPHONEOS_DEPLOYMENT_TARGET = 9.1;
				MTL_ENABLE_DEBUG_INFO = NO;
				SDKROOT = iphoneos;
				VALIDATE_PRODUCT = YES;
			};
			name = Release;
		};
		F561768D1BE5CC1100C9E738 /* Debug */ = {
			isa = XCBuildConfiguration;
			buildSettings = {
				ASSETCATALOG_COMPILER_APPICON_NAME = AppIcon;
				ASSETCATALOG_COMPILER_LAUNCHIMAGE_NAME = "Brand Assets";
				INFOPLIST_FILE = "12-super-guess-image/Info.plist";
				LD_RUNPATH_SEARCH_PATHS = "$(inherited) @executable_path/Frameworks";
				PRODUCT_BUNDLE_IDENTIFIER = "darrendu.-2-super-guess-image";
				PRODUCT_NAME = "$(TARGET_NAME)";
			};
			name = Debug;
		};
		F561768E1BE5CC1100C9E738 /* Release */ = {
			isa = XCBuildConfiguration;
			buildSettings = {
				ASSETCATALOG_COMPILER_APPICON_NAME = AppIcon;
				ASSETCATALOG_COMPILER_LAUNCHIMAGE_NAME = "Brand Assets";
				INFOPLIST_FILE = "12-super-guess-image/Info.plist";
				LD_RUNPATH_SEARCH_PATHS = "$(inherited) @executable_path/Frameworks";
				PRODUCT_BUNDLE_IDENTIFIER = "darrendu.-2-super-guess-image";
				PRODUCT_NAME = "$(TARGET_NAME)";
			};
			name = Release;
		};
		F56176901BE5CC1100C9E738 /* Debug */ = {
			isa = XCBuildConfiguration;
			buildSettings = {
				BUNDLE_LOADER = "$(TEST_HOST)";
				INFOPLIST_FILE = "12-super-guess-imageTests/Info.plist";
				LD_RUNPATH_SEARCH_PATHS = "$(inherited) @executable_path/Frameworks @loader_path/Frameworks";
				PRODUCT_BUNDLE_IDENTIFIER = "darrendu.-2-super-guess-imageTests";
				PRODUCT_NAME = "$(TARGET_NAME)";
				TEST_HOST = "$(BUILT_PRODUCTS_DIR)/12-super-guess-image.app/12-super-guess-image";
			};
			name = Debug;
		};
		F56176911BE5CC1100C9E738 /* Release */ = {
			isa = XCBuildConfiguration;
			buildSettings = {
				BUNDLE_LOADER = "$(TEST_HOST)";
				INFOPLIST_FILE = "12-super-guess-imageTests/Info.plist";
				LD_RUNPATH_SEARCH_PATHS = "$(inherited) @executable_path/Frameworks @loader_path/Frameworks";
				PRODUCT_BUNDLE_IDENTIFIER = "darrendu.-2-super-guess-imageTests";
				PRODUCT_NAME = "$(TARGET_NAME)";
				TEST_HOST = "$(BUILT_PRODUCTS_DIR)/12-super-guess-image.app/12-super-guess-image";
			};
			name = Release;
		};
		F56176931BE5CC1100C9E738 /* Debug */ = {
			isa = XCBuildConfiguration;
			buildSettings = {
				INFOPLIST_FILE = "12-super-guess-imageUITests/Info.plist";
				LD_RUNPATH_SEARCH_PATHS = "$(inherited) @executable_path/Frameworks @loader_path/Frameworks";
				PRODUCT_BUNDLE_IDENTIFIER = "darrendu.-2-super-guess-imageUITests";
				PRODUCT_NAME = "$(TARGET_NAME)";
				TEST_TARGET_NAME = "12-super-guess-image";
				USES_XCTRUNNER = YES;
			};
			name = Debug;
		};
		F56176941BE5CC1100C9E738 /* Release */ = {
			isa = XCBuildConfiguration;
			buildSettings = {
				INFOPLIST_FILE = "12-super-guess-imageUITests/Info.plist";
				LD_RUNPATH_SEARCH_PATHS = "$(inherited) @executable_path/Frameworks @loader_path/Frameworks";
				PRODUCT_BUNDLE_IDENTIFIER = "darrendu.-2-super-guess-imageUITests";
				PRODUCT_NAME = "$(TARGET_NAME)";
				TEST_TARGET_NAME = "12-super-guess-image";
				USES_XCTRUNNER = YES;
			};
			name = Release;
		};
/* End XCBuildConfiguration section */

/* Begin XCConfigurationList section */
		F561765A1BE5CC1100C9E738 /* Build configuration list for PBXProject "12-super-guess-image" */ = {
			isa = XCConfigurationList;
			buildConfigurations = (
				F561768A1BE5CC1100C9E738 /* Debug */,
				F561768B1BE5CC1100C9E738 /* Release */,
			);
			defaultConfigurationIsVisible = 0;
			defaultConfigurationName = Release;
		};
		F561768C1BE5CC1100C9E738 /* Build configuration list for PBXNativeTarget "12-super-guess-image" */ = {
			isa = XCConfigurationList;
			buildConfigurations = (
				F561768D1BE5CC1100C9E738 /* Debug */,
				F561768E1BE5CC1100C9E738 /* Release */,
			);
			defaultConfigurationIsVisible = 0;
			defaultConfigurationName = Release;
		};
		F561768F1BE5CC1100C9E738 /* Build configuration list for PBXNativeTarget "12-super-guess-imageTests" */ = {
			isa = XCConfigurationList;
			buildConfigurations = (
				F56176901BE5CC1100C9E738 /* Debug */,
				F56176911BE5CC1100C9E738 /* Release */,
			);
			defaultConfigurationIsVisible = 0;
			defaultConfigurationName = Release;
		};
		F56176921BE5CC1100C9E738 /* Build configuration list for PBXNativeTarget "12-super-guess-imageUITests" */ = {
			isa = XCConfigurationList;
			buildConfigurations = (
				F56176931BE5CC1100C9E738 /* Debug */,
				F56176941BE5CC1100C9E738 /* Release */,
			);
			defaultConfigurationIsVisible = 0;
			defaultConfigurationName = Release;
		};
/* End XCConfigurationList section */
	};
	rootObject = F56176571BE5CC1100C9E738 /* Project object */;
}
